# This file is generated by running "yarn install" inside your project.
# Manual changes might be lost - proceed with caution!

__metadata:
  version: 8
  cacheKey: 10c0

"@types/js-yaml@npm:^4.0.5":
  version: 4.0.9
  resolution: "@types/js-yaml@npm:4.0.9"
  checksum: 10c0/24de857aa8d61526bbfbbaa383aa538283ad17363fcd5bb5148e2c7f604547db36646440e739d78241ed008702a8920665d1add5618687b6743858fae00da211
  languageName: node
  linkType: hard

"@types/node@npm:^22.4.0":
  version: 22.4.0
  resolution: "@types/node@npm:22.4.0"
  dependencies:
    undici-types: "npm:~6.19.2"
  checksum: 10c0/84cd094b19a27e0db425f1d02614e4f7ac59b5eb3b21e288c8f8d4d0a4c9ad370107bc1a649d4c2b4e810cd133feea26e0bbf7e7c617f93e9e139d6d2568cf50
  languageName: node
  linkType: hard

"argparse@npm:^2.0.1":
  version: 2.0.1
  resolution: "argparse@npm:2.0.1"
  checksum: 10c0/c5640c2d89045371c7cedd6a70212a04e360fd34d6edeae32f6952c63949e3525ea77dbec0289d8213a99bbaeab5abfa860b5c12cf88a2e6cf8106e90dd27a7e
  languageName: node
  linkType: hard

"awesome-chathub-prompts@workspace:.":
  version: 0.0.0-use.local
  resolution: "awesome-chathub-prompts@workspace:."
  dependencies:
    "@types/js-yaml": "npm:^4.0.5"
    "@types/node": "npm:^22.4.0"
    js-yaml: "npm:^4.1.0"
  languageName: unknown
  linkType: soft

"js-yaml@npm:^4.1.0":
  version: 4.1.0
  resolution: "js-yaml@npm:4.1.0"
  dependencies:
    argparse: "npm:^2.0.1"
  bin:
    js-yaml: bin/js-yaml.js
  checksum: 10c0/184a24b4eaacfce40ad9074c64fd42ac83cf74d8c8cd137718d456ced75051229e5061b8633c3366b8aada17945a7a356b337828c19da92b51ae62126575018f
  languageName: node
  linkType: hard

"undici-types@npm:~6.19.2":
  version: 6.19.6
  resolution: "undici-types@npm:6.19.6"
  checksum: 10c0/9b2264c5700e7169c6c62c643aac56cd8984c5fd7e18ed31ff11780260e137f6340dee8317a2e6e0ae3c49f5e5ef6fa577ea07193cbaa535265cba76a267cae9
  languageName: node
  linkType: hard
